
Microsoft Visual Studio Solution File, Format Version 12.00
# Visual Studio Version 17
VisualStudioVersion = 17.13.35919.96
MinimumVisualStudioVersion = 10.0.40219.1
Project("{FAE04EC0-301F-11D3-BF4B-00C04F79EFBC}") = "IdeaManager.Core", "IdeaManager.Core\IdeaManager.Core.csproj", "{35CC64B7-05F9-47A7-92D9-4BC069C68FBC}"
EndProject
Project("{FAE04EC0-301F-11D3-BF4B-00C04F79EFBC}") = "IdeaManager.Data", "IdeaManager.Data\IdeaManager.Data.csproj", "{BDBA2202-5899-4369-B384-6764AF68AED6}"
EndProject
Project("{FAE04EC0-301F-11D3-BF4B-00C04F79EFBC}") = "IdeaManager.Services", "IdeaManager.Services\IdeaManager.Services.csproj", "{DF0303C2-B213-4999-8C04-C381770B578F}"
EndProject
Project("{FAE04EC0-301F-11D3-BF4B-00C04F79EFBC}") = "IdeaManager.UI", "IdeaManager.UI\IdeaManager.UI.csproj", "{7B2DD01E-128A-4ED7-8378-8CBDB4AF48A5}"
EndProject
Project("{FAE04EC0-301F-11D3-BF4B-00C04F79EFBC}") = "IdeaManager.Tests", "IdeaManager.Tests\IdeaManager.Tests.csproj", "{B703BC73-C43F-43F4-99D3-952C7D8BFB44}"
EndProject
Project("{FAE04EC0-301F-11D3-BF4B-00C04F79EFBC}") = "MyApp", "MyApp\MyApp.csproj", "{40AB9EC2-1D0D-4619-8EB2-E8523C9AF3ED}"
EndProject
Global
	GlobalSection(SolutionConfigurationPlatforms) = preSolution
		Debug|Any CPU = Debug|Any CPU
		Release|Any CPU = Release|Any CPU
	EndGlobalSection
	GlobalSection(ProjectConfigurationPlatforms) = postSolution
		{35CC64B7-05F9-47A7-92D9-4BC069C68FBC}.Debug|Any CPU.ActiveCfg = Debug|Any CPU
		{35CC64B7-05F9-47A7-92D9-4BC069C68FBC}.Debug|Any CPU.Build.0 = Debug|Any CPU
		{35CC64B7-05F9-47A7-92D9-4BC069C68FBC}.Release|Any CPU.ActiveCfg = Release|Any CPU
		{35CC64B7-05F9-47A7-92D9-4BC069C68FBC}.Release|Any CPU.Build.0 = Release|Any CPU
		{BDBA2202-5899-4369-B384-6764AF68AED6}.Debug|Any CPU.ActiveCfg = Debug|Any CPU
		{BDBA2202-5899-4369-B384-6764AF68AED6}.Debug|Any CPU.Build.0 = Debug|Any CPU
		{BDBA2202-5899-4369-B384-6764AF68AED6}.Release|Any CPU.ActiveCfg = Release|Any CPU
		{BDBA2202-5899-4369-B384-6764AF68AED6}.Release|Any CPU.Build.0 = Release|Any CPU
		{DF0303C2-B213-4999-8C04-C381770B578F}.Debug|Any CPU.ActiveCfg = Debug|Any CPU
		{DF0303C2-B213-4999-8C04-C381770B578F}.Debug|Any CPU.Build.0 = Debug|Any CPU
		{DF0303C2-B213-4999-8C04-C381770B578F}.Release|Any CPU.ActiveCfg = Release|Any CPU
		{DF0303C2-B213-4999-8C04-C381770B578F}.Release|Any CPU.Build.0 = Release|Any CPU
		{7B2DD01E-128A-4ED7-8378-8CBDB4AF48A5}.Debug|Any CPU.ActiveCfg = Debug|Any CPU
		{7B2DD01E-128A-4ED7-8378-8CBDB4AF48A5}.Debug|Any CPU.Build.0 = Debug|Any CPU
		{7B2DD01E-128A-4ED7-8378-8CBDB4AF48A5}.Release|Any CPU.ActiveCfg = Release|Any CPU
		{7B2DD01E-128A-4ED7-8378-8CBDB4AF48A5}.Release|Any CPU.Build.0 = Release|Any CPU
		{B703BC73-C43F-43F4-99D3-952C7D8BFB44}.Debug|Any CPU.ActiveCfg = Debug|Any CPU
		{B703BC73-C43F-43F4-99D3-952C7D8BFB44}.Debug|Any CPU.Build.0 = Debug|Any CPU
		{B703BC73-C43F-43F4-99D3-952C7D8BFB44}.Release|Any CPU.ActiveCfg = Release|Any CPU
		{B703BC73-C43F-43F4-99D3-952C7D8BFB44}.Release|Any CPU.Build.0 = Release|Any CPU
		{40AB9EC2-1D0D-4619-8EB2-E8523C9AF3ED}.Debug|Any CPU.ActiveCfg = Debug|Any CPU
		{40AB9EC2-1D0D-4619-8EB2-E8523C9AF3ED}.Debug|Any CPU.Build.0 = Debug|Any CPU
		{40AB9EC2-1D0D-4619-8EB2-E8523C9AF3ED}.Release|Any CPU.ActiveCfg = Release|Any CPU
		{40AB9EC2-1D0D-4619-8EB2-E8523C9AF3ED}.Release|Any CPU.Build.0 = Release|Any CPU
	EndGlobalSection
	GlobalSection(SolutionProperties) = preSolution
		HideSolutionNode = FALSE
	EndGlobalSection
	GlobalSection(ExtensibilityGlobals) = postSolution
		SolutionGuid = {B6E1F729-31C2-4B49-8BE3-22C21B3897CA}
	EndGlobalSection
EndGlobal
